{
  "lockfileVersion": 1,
  "workspaces": {
    "": {
      "name": "effect-grep",
      "dependencies": {
        "@effect/cli": "^0.59.19",
        "@effect/platform": "^0.80.19",
        "@effect/platform-bun": "^0.61.9",
        "@effect/platform-node": "^0.77.9",
        "effect": "^3.14.19",
      },
      "devDependencies": {
        "@biomejs/biome": "^2.0.0-beta.2",
        "@types/bun": "latest",
        "bunup": "^0.5.14",
        "typescript": "^5.8.3",
      },
    },
  },
  "packages": {
    "@babel/generator": ["@babel/generator@7.27.1", "", { "dependencies": { "@babel/parser": "^7.27.1", "@babel/types": "^7.27.1", "@jridgewell/gen-mapping": "^0.3.5", "@jridgewell/trace-mapping": "^0.3.25", "jsesc": "^3.0.2" } }, "sha512-UnJfnIpc/+JO0/+KRVQNGU+y5taA5vCbwN8+azkX6beii/ZF+enZJSOKo11ZSzGJjlNfJHfQtmQT8H+9TXPG2w=="],

    "@babel/helper-string-parser": ["@babel/helper-string-parser@7.27.1", "", {}, "sha512-qMlSxKbpRlAridDExk92nSobyDdpPijUq2DW6oDnUqd0iOGxmQjyqhMIihI9+zv4LPyZdRje2cavWPbCbWm3eA=="],

    "@babel/helper-validator-identifier": ["@babel/helper-validator-identifier@7.27.1", "", {}, "sha512-D2hP9eA+Sqx1kBZgzxZh0y1trbuU+JoDkiEwqhQ36nodYqJwyEIhPSdMNd7lOm/4io72luTPWH20Yda0xOuUow=="],

    "@babel/parser": ["@babel/parser@7.27.2", "", { "dependencies": { "@babel/types": "^7.27.1" }, "bin": "./bin/babel-parser.js" }, "sha512-QYLs8299NA7WM/bZAdp+CviYYkVoYXlDW2rzliy3chxd1PQjej7JORuMJDJXJUb9g0TT+B99EwaVLKmX+sPXWw=="],

    "@babel/types": ["@babel/types@7.27.1", "", { "dependencies": { "@babel/helper-string-parser": "^7.27.1", "@babel/helper-validator-identifier": "^7.27.1" } }, "sha512-+EzkxvLNfiUeKMgy/3luqfsCWFRXLb7U6wNQTk60tovuckwB15B191tJWvpp4HjiQWdJkCxO3Wbvc6jlk3Xb2Q=="],

    "@biomejs/biome": ["@biomejs/biome@2.0.0-beta.2", "", { "optionalDependencies": { "@biomejs/cli-darwin-arm64": "2.0.0-beta.2", "@biomejs/cli-darwin-x64": "2.0.0-beta.2", "@biomejs/cli-linux-arm64": "2.0.0-beta.2", "@biomejs/cli-linux-arm64-musl": "2.0.0-beta.2", "@biomejs/cli-linux-x64": "2.0.0-beta.2", "@biomejs/cli-linux-x64-musl": "2.0.0-beta.2", "@biomejs/cli-win32-arm64": "2.0.0-beta.2", "@biomejs/cli-win32-x64": "2.0.0-beta.2" }, "bin": { "biome": "bin/biome" } }, "sha512-F/2/v4T+kctdV8cY/+x5y09RJyHZibDMqi5uRIa6kpJsirm42TEsqMx1srGqcrY3bSJ3JO3pbjW3icTcIS2Z3g=="],

    "@biomejs/cli-darwin-arm64": ["@biomejs/cli-darwin-arm64@2.0.0-beta.2", "", { "os": "darwin", "cpu": "arm64" }, "sha512-LJ7wjYNZkqcQDV6Xyoy9pwFp931rTDp5JvJkF+oPkucurn1kg07sYKV1fPErbfgnLzquaGHAez3wVA8MsTf79A=="],

    "@biomejs/cli-darwin-x64": ["@biomejs/cli-darwin-x64@2.0.0-beta.2", "", { "os": "darwin", "cpu": "x64" }, "sha512-o6KINuooUCIeg8RPUFabYjEtlosR7+P3ysyeOJ9BvGTLykgm+EtMBVMG+aZTut/cCcijkLQNDCdhza+Zj9PKQA=="],

    "@biomejs/cli-linux-arm64": ["@biomejs/cli-linux-arm64@2.0.0-beta.2", "", { "os": "linux", "cpu": "arm64" }, "sha512-9DWVXNYcKFTZv8T3Q6SBAl6SPMNzHsiaiQuuXm/cxSGaAfI0ixh0HNWYlLeTbfC86aBsnG+Us6mGYaFKF2p8YA=="],

    "@biomejs/cli-linux-arm64-musl": ["@biomejs/cli-linux-arm64-musl@2.0.0-beta.2", "", { "os": "linux", "cpu": "arm64" }, "sha512-OTPJalprRj+sGJKOFOrtPvRO2GqCzRBDJTk2C4MbK9ed5+h9eBMd8/A2IdQ8XOm0BECJWvIomzDaNEwKN3pNYw=="],

    "@biomejs/cli-linux-x64": ["@biomejs/cli-linux-x64@2.0.0-beta.2", "", { "os": "linux", "cpu": "x64" }, "sha512-QjFfkbkzu388ChySo5XPMh2VNrFv216Xw04k0y3VlQ9v8pAPxmx9z0y+UnBjlndtDdJj/IhsLKG2FN7RhBjXbA=="],

    "@biomejs/cli-linux-x64-musl": ["@biomejs/cli-linux-x64-musl@2.0.0-beta.2", "", { "os": "linux", "cpu": "x64" }, "sha512-1TsFLIuefU47cdGLw1ELUVggvZsbyJbgrxy4KSeUQ3Ko1dJ9loOPvDC3X6UQBamHFdaKpbyZYzh2BiH81Pf55g=="],

    "@biomejs/cli-win32-arm64": ["@biomejs/cli-win32-arm64@2.0.0-beta.2", "", { "os": "win32", "cpu": "arm64" }, "sha512-MM60v1kLPONOwQK45jRbRwUes/083Hy/dzmO8QsQJ5eW5sV0oPIuZhuX+SMY3z3TyDmfuXZoemgPETeEjB+TdA=="],

    "@biomejs/cli-win32-x64": ["@biomejs/cli-win32-x64@2.0.0-beta.2", "", { "os": "win32", "cpu": "x64" }, "sha512-tTHhVMEqRRBhpfWxwYTSGV8PIOQqc/RQz7WmuX/zaBkBbB9+hc2yeMmn6DPRPnaxNPjkNgD/Kwy3prQ4SxYAAw=="],

    "@clack/core": ["@clack/core@0.4.2", "", { "dependencies": { "picocolors": "^1.0.0", "sisteransi": "^1.0.5" } }, "sha512-NYQfcEy8MWIxrT5Fj8nIVchfRFA26yYKJcvBS7WlUIlw2OmQOY9DhGGXMovyI5J5PpxrCPGkgUi207EBrjpBvg=="],

    "@clack/prompts": ["@clack/prompts@0.10.1", "", { "dependencies": { "@clack/core": "0.4.2", "picocolors": "^1.0.0", "sisteransi": "^1.0.5" } }, "sha512-Q0T02vx8ZM9XSv9/Yde0jTmmBQufZhPJfYAg2XrrrxWWaZgq1rr8nU8Hv710BQ1dhoP8rtY7YUdpGej2Qza/cw=="],

    "@effect/cli": ["@effect/cli@0.59.19", "", { "dependencies": { "ini": "^4.1.3", "toml": "^3.0.0", "yaml": "^2.5.0" }, "peerDependencies": { "@effect/platform": "^0.80.19", "@effect/printer": "^0.42.19", "@effect/printer-ansi": "^0.42.19", "effect": "^3.14.19" } }, "sha512-1y/igNNH2v1mFp9xuwsqf7giRr9IWCFyWEO/jbd3svkbgGhgCvOWO3+8MyG0yzmA6u9Ow06mR1wgUz7scLPcRA=="],

    "@effect/cluster": ["@effect/cluster@0.30.9", "", { "peerDependencies": { "@effect/platform": "^0.80.19", "@effect/rpc": "^0.56.7", "@effect/sql": "^0.33.19", "effect": "^3.14.19" } }, "sha512-ElFg2BHfPhJk9QVzZnUQJB9O/tfNTLBXKLYulqzmqlx5bHeMMpYxOGx+ZqCdTzbzVrsD2H7iS2bvDZa8KYyiTA=="],

    "@effect/experimental": ["@effect/experimental@0.44.19", "", { "dependencies": { "uuid": "^11.0.3" }, "peerDependencies": { "@effect/platform": "^0.80.19", "effect": "^3.14.19", "ioredis": "^5", "lmdb": "^3" }, "optionalPeers": ["ioredis", "lmdb"] }, "sha512-L9OF1T1iqVFjRmTQlyM11a+c4JLJI+J9ATE0KrvOw8Nzl+iMju1WafRGmtiuU9QhVhoEBWNjlAvxs84AQN8LEQ=="],

    "@effect/platform": ["@effect/platform@0.80.19", "", { "dependencies": { "find-my-way-ts": "^0.1.5", "msgpackr": "^1.11.2", "multipasta": "^0.2.5" }, "peerDependencies": { "effect": "^3.14.19" } }, "sha512-qDAYLFOfTe9okWd8ZFG2W1g2REmEssEHlX3ixdI28YlQ9oig2GI9qq3NPpykUMQFJCNfDmikGCTxoqw/LsLQmQ=="],

    "@effect/platform-bun": ["@effect/platform-bun@0.61.9", "", { "dependencies": { "@effect/platform-node-shared": "^0.31.9", "multipasta": "^0.2.5" }, "peerDependencies": { "@effect/cluster": "^0.30.9", "@effect/platform": "^0.80.19", "@effect/rpc": "^0.56.7", "@effect/sql": "^0.33.19", "effect": "^3.14.19" } }, "sha512-5EqfJ2c1vj2VriclC+P5Rd4g825Q+tb9AK6jr1IHVb/1ogPVQBX8afsadRO8APi09C412oZpi3eceebF/jkoYQ=="],

    "@effect/platform-node": ["@effect/platform-node@0.77.9", "", { "dependencies": { "@effect/platform-node-shared": "^0.31.9", "mime": "^3.0.0", "undici": "^7.1.0", "ws": "^8.18.0" }, "peerDependencies": { "@effect/cluster": "^0.30.9", "@effect/platform": "^0.80.19", "@effect/rpc": "^0.56.7", "@effect/sql": "^0.33.19", "effect": "^3.14.19" } }, "sha512-9RBzcf9MPVVKqKyG5vgbEqy/LkRlcsqjqJetXfbpZXycS+96XqjMwQb2T62WYoExEnCvSMniPLcrFgovO8VAOA=="],

    "@effect/platform-node-shared": ["@effect/platform-node-shared@0.31.9", "", { "dependencies": { "@parcel/watcher": "^2.4.1", "multipasta": "^0.2.5", "ws": "^8.18.0" }, "peerDependencies": { "@effect/cluster": "^0.30.9", "@effect/platform": "^0.80.19", "@effect/rpc": "^0.56.7", "@effect/sql": "^0.33.19", "effect": "^3.14.19" } }, "sha512-qwOvvEJJFjDidTKUPOcIBihBk8f9/XxzXfe1utb6FHxzKrZ1hsINvpe4XOV6ez80z9i8ZoUINg2O9Q6K6KDZ3w=="],

    "@effect/printer": ["@effect/printer@0.42.19", "", { "peerDependencies": { "@effect/typeclass": "^0.33.19", "effect": "^3.14.19" } }, "sha512-vHe6NaKDGHsFOiRbPPYmQYTyrVryncpz4zeb4XzUQg6Mshz5euCIcGTNY40lA5/I4Tfo4fCnDZw22tA1o135pw=="],

    "@effect/printer-ansi": ["@effect/printer-ansi@0.42.19", "", { "dependencies": { "@effect/printer": "^0.42.19" }, "peerDependencies": { "@effect/typeclass": "^0.33.19", "effect": "^3.14.19" } }, "sha512-an8UQ0B50K7Ei7b3SjCvJXpRGi2PaeP3gXywVKEaln2rllm5NTR3QK729CXMGr/ukvJT8zcM77kxJIBZemyqww=="],

    "@effect/rpc": ["@effect/rpc@0.56.7", "", { "peerDependencies": { "@effect/platform": "^0.80.19", "effect": "^3.14.19" } }, "sha512-bK6QRtOgNXIj14CLw6R0xMeZUUf1nMXaBzKTBZiI0qBWjN3KeEOuYTkhrPLsrUnT1eSRpnMB+44m7TSltqa6DA=="],

    "@effect/sql": ["@effect/sql@0.33.19", "", { "dependencies": { "@opentelemetry/semantic-conventions": "^1.25.1", "uuid": "^11.0.3" }, "peerDependencies": { "@effect/experimental": "^0.44.19", "@effect/platform": "^0.80.19", "effect": "^3.14.19" } }, "sha512-83y7D4l+A0DCXNGWLaOtP1STq7iClBuXUuWupcN4rJlmlILy7jkv2w2Ay432OKm+iaIUtNaoUsWdWMtaRQO9+Q=="],

    "@effect/typeclass": ["@effect/typeclass@0.33.19", "", { "peerDependencies": { "effect": "^3.14.19" } }, "sha512-Fqs2qlC+fzH+KkIjQgwUQfnn0cS8H1vA+qpJTMoFpv9hGULTWB1577cVObhMUS2tcAucT8DmC+4IoHzfWraUag=="],

    "@emnapi/core": ["@emnapi/core@1.4.3", "", { "dependencies": { "@emnapi/wasi-threads": "1.0.2", "tslib": "^2.4.0" } }, "sha512-4m62DuCE07lw01soJwPiBGC0nAww0Q+RY70VZ+n49yDIO13yyinhbWCeNnaob0lakDtWQzSdtNWzJeOJt2ma+g=="],

    "@emnapi/runtime": ["@emnapi/runtime@1.4.3", "", { "dependencies": { "tslib": "^2.4.0" } }, "sha512-pBPWdu6MLKROBX05wSNKcNb++m5Er+KQ9QkB+WVM+pW2Kx9hoSrVTnu3BdkI5eBLZoKu/J6mW/B6i6bJB2ytXQ=="],

    "@emnapi/wasi-threads": ["@emnapi/wasi-threads@1.0.2", "", { "dependencies": { "tslib": "^2.4.0" } }, "sha512-5n3nTJblwRi8LlXkJ9eBzu+kZR8Yxcc7ubakyQTFzPMtIhFpUBRbsnc2Dv88IZDIbCDlBiWrknhB4Lsz7mg6BA=="],

    "@jridgewell/gen-mapping": ["@jridgewell/gen-mapping@0.3.8", "", { "dependencies": { "@jridgewell/set-array": "^1.2.1", "@jridgewell/sourcemap-codec": "^1.4.10", "@jridgewell/trace-mapping": "^0.3.24" } }, "sha512-imAbBGkb+ebQyxKgzv5Hu2nmROxoDOXHh80evxdoXNOrvAnVx7zimzc1Oo5h9RlfV4vPXaE2iM5pOFbvOCClWA=="],

    "@jridgewell/resolve-uri": ["@jridgewell/resolve-uri@3.1.2", "", {}, "sha512-bRISgCIjP20/tbWSPWMEi54QVPRZExkuD9lJL+UIxUKtwVJA8wW1Trb1jMs1RFXo1CBTNZ/5hpC9QvmKWdopKw=="],

    "@jridgewell/set-array": ["@jridgewell/set-array@1.2.1", "", {}, "sha512-R8gLRTZeyp03ymzP/6Lil/28tGeGEzhx1q2k703KGWRAI1VdvPIXdG70VJc2pAMw3NA6JKL5hhFu1sJX0Mnn/A=="],

    "@jridgewell/sourcemap-codec": ["@jridgewell/sourcemap-codec@1.5.0", "", {}, "sha512-gv3ZRaISU3fjPAgNsriBRqGWQL6quFx04YMPW/zD8XMLsU32mhCCbfbO6KZFLjvYpCZ8zyDEgqsgf+PwPaM7GQ=="],

    "@jridgewell/trace-mapping": ["@jridgewell/trace-mapping@0.3.25", "", { "dependencies": { "@jridgewell/resolve-uri": "^3.1.0", "@jridgewell/sourcemap-codec": "^1.4.14" } }, "sha512-vNk6aEwybGtawWmy/PzwnGDOjCkLWSD2wqvjGGAgOAwCGWySYXfYoxt00IJkTF+8Lb57DwOb3Aa0o9CApepiYQ=="],

    "@msgpackr-extract/msgpackr-extract-darwin-arm64": ["@msgpackr-extract/msgpackr-extract-darwin-arm64@3.0.3", "", { "os": "darwin", "cpu": "arm64" }, "sha512-QZHtlVgbAdy2zAqNA9Gu1UpIuI8Xvsd1v8ic6B2pZmeFnFcMWiPLfWXh7TVw4eGEZ/C9TH281KwhVoeQUKbyjw=="],

    "@msgpackr-extract/msgpackr-extract-darwin-x64": ["@msgpackr-extract/msgpackr-extract-darwin-x64@3.0.3", "", { "os": "darwin", "cpu": "x64" }, "sha512-mdzd3AVzYKuUmiWOQ8GNhl64/IoFGol569zNRdkLReh6LRLHOXxU4U8eq0JwaD8iFHdVGqSy4IjFL4reoWCDFw=="],

    "@msgpackr-extract/msgpackr-extract-linux-arm": ["@msgpackr-extract/msgpackr-extract-linux-arm@3.0.3", "", { "os": "linux", "cpu": "arm" }, "sha512-fg0uy/dG/nZEXfYilKoRe7yALaNmHoYeIoJuJ7KJ+YyU2bvY8vPv27f7UKhGRpY6euFYqEVhxCFZgAUNQBM3nw=="],

    "@msgpackr-extract/msgpackr-extract-linux-arm64": ["@msgpackr-extract/msgpackr-extract-linux-arm64@3.0.3", "", { "os": "linux", "cpu": "arm64" }, "sha512-YxQL+ax0XqBJDZiKimS2XQaf+2wDGVa1enVRGzEvLLVFeqa5kx2bWbtcSXgsxjQB7nRqqIGFIcLteF/sHeVtQg=="],

    "@msgpackr-extract/msgpackr-extract-linux-x64": ["@msgpackr-extract/msgpackr-extract-linux-x64@3.0.3", "", { "os": "linux", "cpu": "x64" }, "sha512-cvwNfbP07pKUfq1uH+S6KJ7dT9K8WOE4ZiAcsrSes+UY55E/0jLYc+vq+DO7jlmqRb5zAggExKm0H7O/CBaesg=="],

    "@msgpackr-extract/msgpackr-extract-win32-x64": ["@msgpackr-extract/msgpackr-extract-win32-x64@3.0.3", "", { "os": "win32", "cpu": "x64" }, "sha512-x0fWaQtYp4E6sktbsdAqnehxDgEc/VwM7uLsRCYWaiGu0ykYdZPiS8zCWdnjHwyiumousxfBm4SO31eXqwEZhQ=="],

    "@napi-rs/wasm-runtime": ["@napi-rs/wasm-runtime@0.2.9", "", { "dependencies": { "@emnapi/core": "^1.4.0", "@emnapi/runtime": "^1.4.0", "@tybys/wasm-util": "^0.9.0" } }, "sha512-OKRBiajrrxB9ATokgEQoG87Z25c67pCpYcCwmXYX8PBftC9pBfN18gnm/fh1wurSLEKIAt+QRFLFCQISrb66Jg=="],

    "@opentelemetry/semantic-conventions": ["@opentelemetry/semantic-conventions@1.32.0", "", {}, "sha512-s0OpmpQFSfMrmedAn9Lhg4KWJELHCU6uU9dtIJ28N8UGhf9Y55im5X8fEzwhwDwiSqN+ZPSNrDJF7ivf/AuRPQ=="],

    "@oxc-project/types": ["@oxc-project/types@0.61.2", "", {}, "sha512-rfuwJwvwn9MRthHNXlSo9Eka/u7gC0MhnWAoX3BhE1+rwPOl22nq0K0Y997Hof0tHCOuD7H3/Z8HTfCVhB4c5Q=="],

    "@oxc-resolver/binding-darwin-arm64": ["@oxc-resolver/binding-darwin-arm64@7.0.1", "", { "os": "darwin", "cpu": "arm64" }, "sha512-LpqmYjzY+f4AThJ9oy1DjRfkWoQcwGJtpU1UWRlR5Zm5Q/H86hFqkf8D97aqku1lLjzewi7qFWyo2gR1Fwkhhw=="],

    "@oxc-resolver/binding-darwin-x64": ["@oxc-resolver/binding-darwin-x64@7.0.1", "", { "os": "darwin", "cpu": "x64" }, "sha512-MmVmhkIKD7pd4ChdkYtiTXi5HpK2+tRFMH/G692cYKs3T6SqRciFm6uXFWNreZsavhqfnolJFvGDFAkvpEN6xQ=="],

    "@oxc-resolver/binding-freebsd-x64": ["@oxc-resolver/binding-freebsd-x64@7.0.1", "", { "os": "freebsd", "cpu": "x64" }, "sha512-2+8DMR56iXxj7eZLJteXFM/lmEz1mQI0btCyddREWI8MMgpLY4ORNXZZbBZB/ucaHS3WeBp68PDN6oFyKm1YiA=="],

    "@oxc-resolver/binding-linux-arm-gnueabihf": ["@oxc-resolver/binding-linux-arm-gnueabihf@7.0.1", "", { "os": "linux", "cpu": "arm" }, "sha512-EXdtmtbmKVm9H+qhJswUsKC0/AVdm1fIB69DBhzpMUFn6Bf+s6anZmMYUJY70cyAYsOvC0DhYiFw2vHZSl6htQ=="],

    "@oxc-resolver/binding-linux-arm64-gnu": ["@oxc-resolver/binding-linux-arm64-gnu@7.0.1", "", { "os": "linux", "cpu": "arm64" }, "sha512-mU+3n1K9qYpgZQtcwrYqaaM/y5I1j7YX4KdvKONgQLNMM8lHysXuidn35j0MX7grGKh7I1iKC1JxHQHTDzDRSg=="],

    "@oxc-resolver/binding-linux-arm64-musl": ["@oxc-resolver/binding-linux-arm64-musl@7.0.1", "", { "os": "linux", "cpu": "arm64" }, "sha512-6gqY+pcvAAwKpC1F9adtL8DyrYq7GBcbkTzokeR2M++zB1CSp30SK1WAm50w0lqcUNU0eIlClM1LQUTqLJ5U6g=="],

    "@oxc-resolver/binding-linux-riscv64-gnu": ["@oxc-resolver/binding-linux-riscv64-gnu@7.0.1", "", { "os": "linux", "cpu": "none" }, "sha512-zCWDS84aFhPMiZsAkBvNl4MmNCF6V9usPiCnFwRSqAMfbNd9QC6jF96v3frYJZKHUswsBWMveBaZsTa6R2z5bA=="],

    "@oxc-resolver/binding-linux-s390x-gnu": ["@oxc-resolver/binding-linux-s390x-gnu@7.0.1", "", { "os": "linux", "cpu": "s390x" }, "sha512-mP3IN+UPz4KQTUJXsl15l87JcOlex+wCNaL5lUXuwdllC4hTcpcs+t/3zEKRh5qw0ltYKIgGbyol/QDnlZdieg=="],

    "@oxc-resolver/binding-linux-x64-gnu": ["@oxc-resolver/binding-linux-x64-gnu@7.0.1", "", { "os": "linux", "cpu": "x64" }, "sha512-y5Jxb/IihMMkczQ5+R68cdug0ojVNLsNCJxF0NhTBxhy0e7XtpJVmFXlFDxXcN3rjnB+Esub13CSetZ1tirYYg=="],

    "@oxc-resolver/binding-linux-x64-musl": ["@oxc-resolver/binding-linux-x64-musl@7.0.1", "", { "os": "linux", "cpu": "x64" }, "sha512-rgtOKJFdFULwPfc2o8b1EmObykBu4V9SpyJjMI717DPbd3zwfUCLBsO0sCDfZiFiH7CHpZDsiStdLrmgjwD5NA=="],

    "@oxc-resolver/binding-wasm32-wasi": ["@oxc-resolver/binding-wasm32-wasi@7.0.1", "", { "dependencies": { "@napi-rs/wasm-runtime": "^0.2.9" }, "cpu": "none" }, "sha512-lFAGp9yu96S3/hyrCY9Wg6oX/tfCa3NCV40eZFTHJj6YU+cbpNVBeYI0RPIG1EPp4Idw54L1xVjVfQuBBtbcDw=="],

    "@oxc-resolver/binding-win32-arm64-msvc": ["@oxc-resolver/binding-win32-arm64-msvc@7.0.1", "", { "os": "win32", "cpu": "arm64" }, "sha512-M2nyfCrIwwEzyJNSBYMCztTzVj7DZPV/IAzBqgZxOPzxKDt6mP/uuKjQYSO/A1SRouPWkbCQZe5sFR4cpCYwDA=="],

    "@oxc-resolver/binding-win32-x64-msvc": ["@oxc-resolver/binding-win32-x64-msvc@7.0.1", "", { "os": "win32", "cpu": "x64" }, "sha512-CTfcJ9Rp3Lb6YU0smoSEdChHtSY/LriZkuikwHTDVkfl1rtUXhZMt3SwHQq37Mgf/BezUZJh7cSgy5rgM0ARLw=="],

    "@oxc-transform/binding-darwin-arm64": ["@oxc-transform/binding-darwin-arm64@0.67.0", "", { "os": "darwin", "cpu": "arm64" }, "sha512-P3zBMhpOQceNSys3/ZqvrjuRvcIbVzfGFN/tH34HlVkOjOmfGK1mOWjORsGAZtbgh1muXrF6mQETLzFjfYndXQ=="],

    "@oxc-transform/binding-darwin-x64": ["@oxc-transform/binding-darwin-x64@0.67.0", "", { "os": "darwin", "cpu": "x64" }, "sha512-B52aeo/C3spYHcwFQ4nAbDkwbMKf0K6ncWM8GrVUgGu8PPECLBhjPCW11kPW/lt9FxwrdgVYVzPYlZ6wmJmpEA=="],

    "@oxc-transform/binding-linux-arm-gnueabihf": ["@oxc-transform/binding-linux-arm-gnueabihf@0.67.0", "", { "os": "linux", "cpu": "arm" }, "sha512-5Ir1eQrC9lvj/rR1TJVGwOR4yLgXTLmfKHIfpVH7GGSQrzK7VMUfHWX+dAsX1VutaeE8puXIqtYvf9cHLw78dw=="],

    "@oxc-transform/binding-linux-arm64-gnu": ["@oxc-transform/binding-linux-arm64-gnu@0.67.0", "", { "os": "linux", "cpu": "arm64" }, "sha512-zTqfPET5+hZfJ3/dMqJboKxrpXMXk+j2HVdvX0wVhW2MI7n7hwELl+In6Yu20nXuEyJkNQlWHbNPCUfpM+cBWw=="],

    "@oxc-transform/binding-linux-arm64-musl": ["@oxc-transform/binding-linux-arm64-musl@0.67.0", "", { "os": "linux", "cpu": "arm64" }, "sha512-jzz/ATUhZ8wetb4gm5GwzheZns3Qj1CZ+DIMmD8nBxQXszmTS/fqnAPpgzruyLqkXBUuUfF3pHv5f/UmuHReuQ=="],

    "@oxc-transform/binding-linux-x64-gnu": ["@oxc-transform/binding-linux-x64-gnu@0.67.0", "", { "os": "linux", "cpu": "x64" }, "sha512-Qy2+tfglJ8yX6guC1EDAnuuzRZIXciXO9UwOewxyiahLxwuTpj/wvvZN3Cb1SA3c14zrwb2TNMZvaXS1/OS5Pg=="],

    "@oxc-transform/binding-linux-x64-musl": ["@oxc-transform/binding-linux-x64-musl@0.67.0", "", { "os": "linux", "cpu": "x64" }, "sha512-tHoYgDIRhgvh+/wIrzAk3cUoj/LSSoJAdsZW9XRlaixFW/TF2puxRyaS1hRco0bcKTwotXl/eDYqZmhIfUyGRQ=="],

    "@oxc-transform/binding-wasm32-wasi": ["@oxc-transform/binding-wasm32-wasi@0.67.0", "", { "dependencies": { "@napi-rs/wasm-runtime": "^0.2.9" }, "cpu": "none" }, "sha512-ZPT+1HECf7WUnotodIuS8tvSkwaiCdC2DDw8HVRmlerbS6iPYIPKyBCvkSM4RyUx0kljZtB9AciLCkEbwy5/zA=="],

    "@oxc-transform/binding-win32-arm64-msvc": ["@oxc-transform/binding-win32-arm64-msvc@0.67.0", "", { "os": "win32", "cpu": "arm64" }, "sha512-+E3lOHCk4EuIk6IjshBAARknAUpgH+gHTtZxCPqK4AWYA+Tls2J6C0FVM48uZ4m3rZpAq8ZszM9JZVAkOaynBQ=="],

    "@oxc-transform/binding-win32-x64-msvc": ["@oxc-transform/binding-win32-x64-msvc@0.67.0", "", { "os": "win32", "cpu": "x64" }, "sha512-3pIIFb9g5aFrAODTQVJYitq+ONHgDJ4IYk/7pk+jsG6JpKUkURd0auUlxvriO11fFit5hdwy+wIbU4kBvyRUkg=="],

    "@parcel/watcher": ["@parcel/watcher@2.5.1", "", { "dependencies": { "detect-libc": "^1.0.3", "is-glob": "^4.0.3", "micromatch": "^4.0.5", "node-addon-api": "^7.0.0" }, "optionalDependencies": { "@parcel/watcher-android-arm64": "2.5.1", "@parcel/watcher-darwin-arm64": "2.5.1", "@parcel/watcher-darwin-x64": "2.5.1", "@parcel/watcher-freebsd-x64": "2.5.1", "@parcel/watcher-linux-arm-glibc": "2.5.1", "@parcel/watcher-linux-arm-musl": "2.5.1", "@parcel/watcher-linux-arm64-glibc": "2.5.1", "@parcel/watcher-linux-arm64-musl": "2.5.1", "@parcel/watcher-linux-x64-glibc": "2.5.1", "@parcel/watcher-linux-x64-musl": "2.5.1", "@parcel/watcher-win32-arm64": "2.5.1", "@parcel/watcher-win32-ia32": "2.5.1", "@parcel/watcher-win32-x64": "2.5.1" } }, "sha512-dfUnCxiN9H4ap84DvD2ubjw+3vUNpstxa0TneY/Paat8a3R4uQZDLSvWjmznAY/DoahqTHl9V46HF/Zs3F29pg=="],

    "@parcel/watcher-android-arm64": ["@parcel/watcher-android-arm64@2.5.1", "", { "os": "android", "cpu": "arm64" }, "sha512-KF8+j9nNbUN8vzOFDpRMsaKBHZ/mcjEjMToVMJOhTozkDonQFFrRcfdLWn6yWKCmJKmdVxSgHiYvTCef4/qcBA=="],

    "@parcel/watcher-darwin-arm64": ["@parcel/watcher-darwin-arm64@2.5.1", "", { "os": "darwin", "cpu": "arm64" }, "sha512-eAzPv5osDmZyBhou8PoF4i6RQXAfeKL9tjb3QzYuccXFMQU0ruIc/POh30ePnaOyD1UXdlKguHBmsTs53tVoPw=="],

    "@parcel/watcher-darwin-x64": ["@parcel/watcher-darwin-x64@2.5.1", "", { "os": "darwin", "cpu": "x64" }, "sha512-1ZXDthrnNmwv10A0/3AJNZ9JGlzrF82i3gNQcWOzd7nJ8aj+ILyW1MTxVk35Db0u91oD5Nlk9MBiujMlwmeXZg=="],

    "@parcel/watcher-freebsd-x64": ["@parcel/watcher-freebsd-x64@2.5.1", "", { "os": "freebsd", "cpu": "x64" }, "sha512-SI4eljM7Flp9yPuKi8W0ird8TI/JK6CSxju3NojVI6BjHsTyK7zxA9urjVjEKJ5MBYC+bLmMcbAWlZ+rFkLpJQ=="],

    "@parcel/watcher-linux-arm-glibc": ["@parcel/watcher-linux-arm-glibc@2.5.1", "", { "os": "linux", "cpu": "arm" }, "sha512-RCdZlEyTs8geyBkkcnPWvtXLY44BCeZKmGYRtSgtwwnHR4dxfHRG3gR99XdMEdQ7KeiDdasJwwvNSF5jKtDwdA=="],

    "@parcel/watcher-linux-arm-musl": ["@parcel/watcher-linux-arm-musl@2.5.1", "", { "os": "linux", "cpu": "arm" }, "sha512-6E+m/Mm1t1yhB8X412stiKFG3XykmgdIOqhjWj+VL8oHkKABfu/gjFj8DvLrYVHSBNC+/u5PeNrujiSQ1zwd1Q=="],

    "@parcel/watcher-linux-arm64-glibc": ["@parcel/watcher-linux-arm64-glibc@2.5.1", "", { "os": "linux", "cpu": "arm64" }, "sha512-LrGp+f02yU3BN9A+DGuY3v3bmnFUggAITBGriZHUREfNEzZh/GO06FF5u2kx8x+GBEUYfyTGamol4j3m9ANe8w=="],

    "@parcel/watcher-linux-arm64-musl": ["@parcel/watcher-linux-arm64-musl@2.5.1", "", { "os": "linux", "cpu": "arm64" }, "sha512-cFOjABi92pMYRXS7AcQv9/M1YuKRw8SZniCDw0ssQb/noPkRzA+HBDkwmyOJYp5wXcsTrhxO0zq1U11cK9jsFg=="],

    "@parcel/watcher-linux-x64-glibc": ["@parcel/watcher-linux-x64-glibc@2.5.1", "", { "os": "linux", "cpu": "x64" }, "sha512-GcESn8NZySmfwlTsIur+49yDqSny2IhPeZfXunQi48DMugKeZ7uy1FX83pO0X22sHntJ4Ub+9k34XQCX+oHt2A=="],

    "@parcel/watcher-linux-x64-musl": ["@parcel/watcher-linux-x64-musl@2.5.1", "", { "os": "linux", "cpu": "x64" }, "sha512-n0E2EQbatQ3bXhcH2D1XIAANAcTZkQICBPVaxMeaCVBtOpBZpWJuf7LwyWPSBDITb7In8mqQgJ7gH8CILCURXg=="],

    "@parcel/watcher-win32-arm64": ["@parcel/watcher-win32-arm64@2.5.1", "", { "os": "win32", "cpu": "arm64" }, "sha512-RFzklRvmc3PkjKjry3hLF9wD7ppR4AKcWNzH7kXR7GUe0Igb3Nz8fyPwtZCSquGrhU5HhUNDr/mKBqj7tqA2Vw=="],

    "@parcel/watcher-win32-ia32": ["@parcel/watcher-win32-ia32@2.5.1", "", { "os": "win32", "cpu": "ia32" }, "sha512-c2KkcVN+NJmuA7CGlaGD1qJh1cLfDnQsHjE89E60vUEMlqduHGCdCLJCID5geFVM0dOtA3ZiIO8BoEQmzQVfpQ=="],

    "@parcel/watcher-win32-x64": ["@parcel/watcher-win32-x64@2.5.1", "", { "os": "win32", "cpu": "x64" }, "sha512-9lHBdJITeNR++EvSQVUcaZoWupyHfXe1jZvGZ06O/5MflPcuPLtEphScIBL+AiCWBO46tDSHzWyD0uDmmZqsgA=="],

    "@rolldown/binding-darwin-arm64": ["@rolldown/binding-darwin-arm64@1.0.0-beta.7", "", { "os": "darwin", "cpu": "arm64" }, "sha512-spVRMdG9NotVYfrc94W8zMKEqLFbxm/dzkBjTfKzXMqhyBryo1lwZ14o8xFb3lM/ON/ZUT7laR9y+r6SIUtFrg=="],

    "@rolldown/binding-darwin-x64": ["@rolldown/binding-darwin-x64@1.0.0-beta.7", "", { "os": "darwin", "cpu": "x64" }, "sha512-6d6PicpBNLWJUyGO1b87QOBtQuqL1X9qVugi+kyGcChxW2bL87/CIBAJDu1g3mM62xSzxUitGa2YWRMhMJu2OA=="],

    "@rolldown/binding-freebsd-x64": ["@rolldown/binding-freebsd-x64@1.0.0-beta.7", "", { "os": "freebsd", "cpu": "x64" }, "sha512-RCKUAMUr1+F1wDSUmWUoGimCNAoQ9km5SRIEhrTlCOXe4wv+rY4o07cTaBjehBm+GtT+u0r36SW2gOmikivj9Q=="],

    "@rolldown/binding-linux-arm-gnueabihf": ["@rolldown/binding-linux-arm-gnueabihf@1.0.0-beta.7", "", { "os": "linux", "cpu": "arm" }, "sha512-SRGp4RaUC2oFZTDtLSRePWWE5F4C5vrlsr/a3+/mBlBVUdSrB7341hqAEcezW3YYHQOT/j9CPXu2NULENSywwQ=="],

    "@rolldown/binding-linux-arm64-gnu": ["@rolldown/binding-linux-arm64-gnu@1.0.0-beta.7", "", { "os": "linux", "cpu": "arm64" }, "sha512-q6Szr5o54lJWir2uYxwxDoOUdSCrA2Nb8sKqQRnJHP9985o0uxeq85LKvMubFRgTKq9Q71ZZPrZBs7pwr4ji1Q=="],

    "@rolldown/binding-linux-arm64-musl": ["@rolldown/binding-linux-arm64-musl@1.0.0-beta.7", "", { "os": "linux", "cpu": "arm64" }, "sha512-MiEE4ReEw7jdxKE8eKTdt3z7N1sucgSb1J0BUY3Dd8YKLjh2jNYHhJu13/tCo2DBMZxT+FDJE3WJ5kCxZA7+YA=="],

    "@rolldown/binding-linux-x64-gnu": ["@rolldown/binding-linux-x64-gnu@1.0.0-beta.7", "", { "os": "linux", "cpu": "x64" }, "sha512-2yDNUKQidgcZr/VSJCUy9IGvtcF/GfBEBrCsqvSkVKMNLNySICvybAwKtCNPeZSOwf875CWnnyKNeg5vwV6rMg=="],

    "@rolldown/binding-linux-x64-musl": ["@rolldown/binding-linux-x64-musl@1.0.0-beta.7", "", { "os": "linux", "cpu": "x64" }, "sha512-72LjHkY9Sqav35qopNh4fabhSsqKWmOwMtjmrNgONTtC5LhALjNZlaXkAaFvQRJ8N7ftT8BOITzaZeqrF6BYdg=="],

    "@rolldown/binding-wasm32-wasi": ["@rolldown/binding-wasm32-wasi@1.0.0-beta.7", "", { "dependencies": { "@napi-rs/wasm-runtime": "^0.2.4" }, "cpu": "none" }, "sha512-sR8q2p3j5ZCkFWPbm6LUIYE7SHfmrVqXu0n4CFpzmAM95pDhFRx8SzT/oL5tkFN+mCdnPpzcvpn9OioVXQ8CxA=="],

    "@rolldown/binding-win32-arm64-msvc": ["@rolldown/binding-win32-arm64-msvc@1.0.0-beta.7", "", { "os": "win32", "cpu": "arm64" }, "sha512-eeSNGdZt01NelYGl5LZc3cSwN4iYG5XE8zMqkILErfW6ndpc74DKeDWI0aG8jmtjz5VerLA4B9DzOkhuFj4lNg=="],

    "@rolldown/binding-win32-ia32-msvc": ["@rolldown/binding-win32-ia32-msvc@1.0.0-beta.7", "", { "os": "win32", "cpu": "ia32" }, "sha512-d7Uhs3LWirrE4+TRa2N25AqrZaZjYZdOrKSYbZFMF42tFkWIgGWPCQouTqjMgjVGX0feJpF7+9dwVhjZFzZbYA=="],

    "@rolldown/binding-win32-x64-msvc": ["@rolldown/binding-win32-x64-msvc@1.0.0-beta.7", "", { "os": "win32", "cpu": "x64" }, "sha512-Z3P1JHx+U7Sr73v5wJtEygxboF2VR9ds4eSAgFfslhIxFI48FFm+WEMeuLLeqnx0tiq1UL6cIIg5+h3mlaG6UA=="],

    "@standard-schema/spec": ["@standard-schema/spec@1.0.0", "", {}, "sha512-m2bOd0f2RT9k8QJx1JN85cZYyH1RqFBdlwtkSlf4tBDYLCiiZnv1fIIwacK6cqwXavOydf0NPToMQgpKq+dVlA=="],

    "@tybys/wasm-util": ["@tybys/wasm-util@0.9.0", "", { "dependencies": { "tslib": "^2.4.0" } }, "sha512-6+7nlbMVX/PVDCwaIQ8nTOPveOcFLSt8GcXdx8hD0bt39uWxYT88uXzqTd4fTvqta7oeUJqudepapKNt2DYJFw=="],

    "@types/bun": ["@types/bun@1.2.12", "", { "dependencies": { "bun-types": "1.2.12" } }, "sha512-lY/GQTXDGsolT/TiH72p1tuyUORuRrdV7VwOTOjDOt8uTBJQOJc5zz3ufwwDl0VBaoxotSk4LdP0hhjLJ6ypIQ=="],

    "@types/node": ["@types/node@22.15.14", "", { "dependencies": { "undici-types": "~6.21.0" } }, "sha512-BL1eyu/XWsFGTtDWOYULQEs4KR0qdtYfCxYAUYRoB7JP7h9ETYLgQTww6kH8Sj2C0pFGgrpM0XKv6/kbIzYJ1g=="],

    "@valibot/to-json-schema": ["@valibot/to-json-schema@1.0.0", "", { "peerDependencies": { "valibot": "^1.0.0" } }, "sha512-/9crJgPptVsGCL6X+JPDQyaJwkalSZ/52WuF8DiRUxJgcmpNdzYRfZ+gqMEP8W3CTVfuMWPqqvIgfwJ97f9Etw=="],

    "ast-kit": ["ast-kit@1.4.3", "", { "dependencies": { "@babel/parser": "^7.27.0", "pathe": "^2.0.3" } }, "sha512-MdJqjpodkS5J149zN0Po+HPshkTdUyrvF7CKTafUgv69vBSPtncrj+3IiUgqdd7ElIEkbeXCsEouBUwLrw9Ilg=="],

    "braces": ["braces@3.0.3", "", { "dependencies": { "fill-range": "^7.1.1" } }, "sha512-yQbXgO/OSZVD2IsiLlro+7Hf6Q18EJrKSEsdoMzKePKXct3gvD8oLcOQdIzGupr5Fj+EDe8gO/lxc1BzfMpxvA=="],

    "bun-types": ["bun-types@1.2.12", "", { "dependencies": { "@types/node": "*" } }, "sha512-tvWMx5vPqbRXgE8WUZI94iS1xAYs8bkqESR9cxBB1Wi+urvfTrF1uzuDgBHFAdO0+d2lmsbG3HmeKMvUyj6pWA=="],

    "bunup": ["bunup@0.5.14", "", { "dependencies": { "@clack/prompts": "^0.10.1", "chokidar": "^4.0.3", "coffi": "^0.1.28", "oxc-resolver": "^7.0.1", "oxc-transform": "^0.67.0", "package-manager-detector": "^1.2.0", "rolldown": "1.0.0-beta.7", "rolldown-plugin-dts": "^0.9.11", "tinyexec": "^1.0.1", "ts-import-resolver": "^0.1.16" }, "peerDependencies": { "typescript": ">=4.5.0" }, "optionalPeers": ["typescript"], "bin": { "bunup": "bin/bunup.mjs" } }, "sha512-In7tCh8Xm+JWI8OLm3VVFJcF7N+5u+c8CI7UaC9gSPHAzomrdj5DfZqpjWynVT1/s2NlmyD3lgE4EGQxla1kFg=="],

    "chokidar": ["chokidar@4.0.3", "", { "dependencies": { "readdirp": "^4.0.1" } }, "sha512-Qgzu8kfBvo+cA4962jnP1KkS6Dop5NS6g7R5LFYJr4b8Ub94PPQXUksCw9PvXoeXPRRddRNC5C1JQUR2SMGtnA=="],

    "coffi": ["coffi@0.1.28", "", { "dependencies": { "strip-json-comments": "^5.0.1" } }, "sha512-FjLBB7EBBM1k5JZUDt9VmpH3oO37EfwRTslAjF36JqBjLXcnfliXFcFqTmJYkrIgMhuw5ws+D9AhlZmOTgA3lw=="],

    "debug": ["debug@4.4.0", "", { "dependencies": { "ms": "^2.1.3" } }, "sha512-6WTZ/IxCY/T6BALoZHaE4ctp9xm+Z5kY/pzYaCHRFeyVhojxlrm+46y68HA6hr0TcwEssoxNiDEUJQjfPZ/RYA=="],

    "detect-libc": ["detect-libc@1.0.3", "", { "bin": { "detect-libc": "./bin/detect-libc.js" } }, "sha512-pGjwhsmsp4kL2RTz08wcOlGN83otlqHeD/Z5T8GXZB+/YcpQ/dgo+lbU8ZsGxV0HIvqqxo9l7mqYwyYMD9bKDg=="],

    "dts-resolver": ["dts-resolver@1.1.1", "", { "dependencies": { "oxc-resolver": "^7.0.1", "pathe": "^2.0.3" } }, "sha512-slMqHdR+fZFxL2Iud9rZSw7T/YKEX0LkeP907JRglcpRlB3dF9okHuVnxwAV6v0knJot5PA5cn0shKbEAKZaTQ=="],

    "effect": ["effect@3.14.19", "", { "dependencies": { "@standard-schema/spec": "^1.0.0", "fast-check": "^3.23.1" } }, "sha512-CR8zahxcX0XNSq9oXYO07Gb3aT9Zz5orne6Cr1OlnyLY7mggyORaIN56/bskhJ1+dVmzEspELLlyGfIsYvzLPA=="],

    "fast-check": ["fast-check@3.23.2", "", { "dependencies": { "pure-rand": "^6.1.0" } }, "sha512-h5+1OzzfCC3Ef7VbtKdcv7zsstUQwUDlYpUTvjeUsJAssPgLn7QzbboPtL5ro04Mq0rPOsMzl7q5hIbRs2wD1A=="],

    "fill-range": ["fill-range@7.1.1", "", { "dependencies": { "to-regex-range": "^5.0.1" } }, "sha512-YsGpe3WHLK8ZYi4tWDg2Jy3ebRz2rXowDxnld4bkQB00cc/1Zw9AWnC0i9ztDJitivtQvaI9KaLyKrc+hBW0yg=="],

    "find-my-way-ts": ["find-my-way-ts@0.1.5", "", {}, "sha512-4GOTMrpGQVzsCH2ruUn2vmwzV/02zF4q+ybhCIrw/Rkt3L8KWcycdC6aJMctJzwN4fXD4SD5F/4B9Sksh5rE0A=="],

    "get-tsconfig": ["get-tsconfig@4.10.0", "", { "dependencies": { "resolve-pkg-maps": "^1.0.0" } }, "sha512-kGzZ3LWWQcGIAmg6iWvXn0ei6WDtV26wzHRMwDSzmAbcXrTEXxHy6IehI6/4eT6VRKyMP1eF1VqwrVUmE/LR7A=="],

    "ini": ["ini@4.1.3", "", {}, "sha512-X7rqawQBvfdjS10YU1y1YVreA3SsLrW9dX2CewP2EbBJM4ypVNLDkO5y04gejPwKIY9lR+7r9gn3rFPt/kmWFg=="],

    "is-extglob": ["is-extglob@2.1.1", "", {}, "sha512-SbKbANkN603Vi4jEZv49LeVJMn4yGwsbzZworEoyEiutsN3nJYdbO36zfhGJ6QEDpOZIFkDtnq5JRxmvl3jsoQ=="],

    "is-glob": ["is-glob@4.0.3", "", { "dependencies": { "is-extglob": "^2.1.1" } }, "sha512-xelSayHH36ZgE7ZWhli7pW34hNbNl8Ojv5KVmkJD4hBdD3th8Tfk9vYasLM+mXWOZhFkgZfxhLSnrwRr4elSSg=="],

    "is-number": ["is-number@7.0.0", "", {}, "sha512-41Cifkg6e8TylSpdtTpeLVMqvSBEVzTttHvERD741+pnZ8ANv0004MRL43QKPDlK9cGvNp6NZWZUBlbGXYxxng=="],

    "jsesc": ["jsesc@3.1.0", "", { "bin": { "jsesc": "bin/jsesc" } }, "sha512-/sM3dO2FOzXjKQhJuo0Q173wf2KOo8t4I8vHy6lF9poUp7bKT0/NHE8fPX23PwfhnykfqnC2xRxOnVw5XuGIaA=="],

    "micromatch": ["micromatch@4.0.8", "", { "dependencies": { "braces": "^3.0.3", "picomatch": "^2.3.1" } }, "sha512-PXwfBhYu0hBCPw8Dn0E+WDYb7af3dSLVWKi3HGv84IdF4TyFoC0ysxFd0Goxw7nSv4T/PzEJQxsYsEiFCKo2BA=="],

    "mime": ["mime@3.0.0", "", { "bin": { "mime": "cli.js" } }, "sha512-jSCU7/VB1loIWBZe14aEYHU/+1UMEHoaO7qxCOVJOw9GgH72VAWppxNcjU+x9a2k3GSIBXNKxXQFqRvvZ7vr3A=="],

    "ms": ["ms@2.1.3", "", {}, "sha512-6FlzubTLZG3J2a/NVCAleEhjzq5oxgHyaCU9yYXvcLsvoVaHJq/s5xXI6/XXP6tz7R9xAOtHnSO/tXtF3WRTlA=="],

    "msgpackr": ["msgpackr@1.11.2", "", { "optionalDependencies": { "msgpackr-extract": "^3.0.2" } }, "sha512-F9UngXRlPyWCDEASDpTf6c9uNhGPTqnTeLVt7bN+bU1eajoR/8V9ys2BRaV5C/e5ihE6sJ9uPIKaYt6bFuO32g=="],

    "msgpackr-extract": ["msgpackr-extract@3.0.3", "", { "dependencies": { "node-gyp-build-optional-packages": "5.2.2" }, "optionalDependencies": { "@msgpackr-extract/msgpackr-extract-darwin-arm64": "3.0.3", "@msgpackr-extract/msgpackr-extract-darwin-x64": "3.0.3", "@msgpackr-extract/msgpackr-extract-linux-arm": "3.0.3", "@msgpackr-extract/msgpackr-extract-linux-arm64": "3.0.3", "@msgpackr-extract/msgpackr-extract-linux-x64": "3.0.3", "@msgpackr-extract/msgpackr-extract-win32-x64": "3.0.3" }, "bin": { "download-msgpackr-prebuilds": "bin/download-prebuilds.js" } }, "sha512-P0efT1C9jIdVRefqjzOQ9Xml57zpOXnIuS+csaB4MdZbTdmGDLo8XhzBG1N7aO11gKDDkJvBLULeFTo46wwreA=="],

    "multipasta": ["multipasta@0.2.5", "", {}, "sha512-c8eMDb1WwZcE02WVjHoOmUVk7fnKU/RmUcosHACglrWAuPQsEJv+E8430sXj6jNc1jHw0zrS16aCjQh4BcEb4A=="],

    "node-addon-api": ["node-addon-api@7.1.1", "", {}, "sha512-5m3bsyrjFWE1xf7nz7YXdN4udnVtXK6/Yfgn5qnahL6bCkf2yKt4k3nuTKAtT4r3IG8JNR2ncsIMdZuAzJjHQQ=="],

    "node-gyp-build-optional-packages": ["node-gyp-build-optional-packages@5.2.2", "", { "dependencies": { "detect-libc": "^2.0.1" }, "bin": { "node-gyp-build-optional-packages": "bin.js", "node-gyp-build-optional-packages-optional": "optional.js", "node-gyp-build-optional-packages-test": "build-test.js" } }, "sha512-s+w+rBWnpTMwSFbaE0UXsRlg7hU4FjekKU4eyAih5T8nJuNZT1nNsskXpxmeqSK9UzkBl6UgRlnKc8hz8IEqOw=="],

    "oxc-resolver": ["oxc-resolver@7.0.1", "", { "optionalDependencies": { "@oxc-resolver/binding-darwin-arm64": "7.0.1", "@oxc-resolver/binding-darwin-x64": "7.0.1", "@oxc-resolver/binding-freebsd-x64": "7.0.1", "@oxc-resolver/binding-linux-arm-gnueabihf": "7.0.1", "@oxc-resolver/binding-linux-arm64-gnu": "7.0.1", "@oxc-resolver/binding-linux-arm64-musl": "7.0.1", "@oxc-resolver/binding-linux-riscv64-gnu": "7.0.1", "@oxc-resolver/binding-linux-s390x-gnu": "7.0.1", "@oxc-resolver/binding-linux-x64-gnu": "7.0.1", "@oxc-resolver/binding-linux-x64-musl": "7.0.1", "@oxc-resolver/binding-wasm32-wasi": "7.0.1", "@oxc-resolver/binding-win32-arm64-msvc": "7.0.1", "@oxc-resolver/binding-win32-x64-msvc": "7.0.1" } }, "sha512-9TrxkeIdlszOtIXZaPPM3ARs2dEVeANL5tmayrAWWowBYJh4ZEBrO1PqFN3wFHiOpx1+50GI4zvqLKpXa7tdfQ=="],

    "oxc-transform": ["oxc-transform@0.67.0", "", { "optionalDependencies": { "@oxc-transform/binding-darwin-arm64": "0.67.0", "@oxc-transform/binding-darwin-x64": "0.67.0", "@oxc-transform/binding-linux-arm-gnueabihf": "0.67.0", "@oxc-transform/binding-linux-arm64-gnu": "0.67.0", "@oxc-transform/binding-linux-arm64-musl": "0.67.0", "@oxc-transform/binding-linux-x64-gnu": "0.67.0", "@oxc-transform/binding-linux-x64-musl": "0.67.0", "@oxc-transform/binding-wasm32-wasi": "0.67.0", "@oxc-transform/binding-win32-arm64-msvc": "0.67.0", "@oxc-transform/binding-win32-x64-msvc": "0.67.0" } }, "sha512-QXwmpLfNrXZoHgIjEtDEf6lhwmvHouNtstNgg/UveczVIjo8VSzd5h25Ea96PoX9KzReJUY/qYa4QSNkJpZGfA=="],

    "package-manager-detector": ["package-manager-detector@1.3.0", "", {}, "sha512-ZsEbbZORsyHuO00lY1kV3/t72yp6Ysay6Pd17ZAlNGuGwmWDLCJxFpRs0IzfXfj1o4icJOkUEioexFHzyPurSQ=="],

    "pathe": ["pathe@2.0.3", "", {}, "sha512-WUjGcAqP1gQacoQe+OBJsFA7Ld4DyXuUIjZ5cc75cLHvJ7dtNsTugphxIADwspS+AraAUePCKrSVtPLFj/F88w=="],

    "picocolors": ["picocolors@1.1.1", "", {}, "sha512-xceH2snhtb5M9liqDsmEw56le376mTZkEX/jEb/RxNFyegNul7eNslCXP9FDj/Lcu0X8KEyMceP2ntpaHrDEVA=="],

    "picomatch": ["picomatch@2.3.1", "", {}, "sha512-JU3teHTNjmE2VCGFzuY8EXzCDVwEqB2a8fsIvwaStHhAWJEeVd1o1QD80CU6+ZdEXXSLbSsuLwJjkCBWqRQUVA=="],

    "pure-rand": ["pure-rand@6.1.0", "", {}, "sha512-bVWawvoZoBYpp6yIoQtQXHZjmz35RSVHnUOTefl8Vcjr8snTPY1wnpSPMWekcFwbxI6gtmT7rSYPFvz71ldiOA=="],

    "readdirp": ["readdirp@4.1.2", "", {}, "sha512-GDhwkLfywWL2s6vEjyhri+eXmfH6j1L7JE27WhqLeYzoh/A3DBaYGEj2H/HFZCn/kMfim73FXxEJTw06WtxQwg=="],

    "resolve-pkg-maps": ["resolve-pkg-maps@1.0.0", "", {}, "sha512-seS2Tj26TBVOC2NIc2rOe2y2ZO7efxITtLZcGSOnHHNOQ7CkiUBfw0Iw2ck6xkIhPwLhKNLS8BO+hEpngQlqzw=="],

    "rolldown": ["rolldown@1.0.0-beta.7", "", { "dependencies": { "@oxc-project/types": "0.61.2", "@valibot/to-json-schema": "1.0.0", "valibot": "1.0.0" }, "optionalDependencies": { "@rolldown/binding-darwin-arm64": "1.0.0-beta.7", "@rolldown/binding-darwin-x64": "1.0.0-beta.7", "@rolldown/binding-freebsd-x64": "1.0.0-beta.7", "@rolldown/binding-linux-arm-gnueabihf": "1.0.0-beta.7", "@rolldown/binding-linux-arm64-gnu": "1.0.0-beta.7", "@rolldown/binding-linux-arm64-musl": "1.0.0-beta.7", "@rolldown/binding-linux-x64-gnu": "1.0.0-beta.7", "@rolldown/binding-linux-x64-musl": "1.0.0-beta.7", "@rolldown/binding-wasm32-wasi": "1.0.0-beta.7", "@rolldown/binding-win32-arm64-msvc": "1.0.0-beta.7", "@rolldown/binding-win32-ia32-msvc": "1.0.0-beta.7", "@rolldown/binding-win32-x64-msvc": "1.0.0-beta.7" }, "peerDependencies": { "@oxc-project/runtime": "0.61.2" }, "optionalPeers": ["@oxc-project/runtime"], "bin": { "rolldown": "bin/cli.js" } }, "sha512-IUa/9lZVqgFilYggiY7jxUbmvU4Q8wVvVqsru+AeMldBccBEhTYZ6/XP6cWsznb8Fv49zfYGaeEpJ5WeVdo6Mg=="],

    "rolldown-plugin-dts": ["rolldown-plugin-dts@0.9.11", "", { "dependencies": { "@babel/generator": "^7.27.1", "@babel/parser": "^7.27.1", "@babel/types": "^7.27.1", "ast-kit": "^1.4.3", "debug": "^4.4.0", "dts-resolver": "^1.0.1", "get-tsconfig": "^4.10.0", "oxc-transform": "^0.67.0" }, "peerDependencies": { "rolldown": "^1.0.0-beta.7", "typescript": "^5.0.0" }, "optionalPeers": ["typescript"] }, "sha512-iCIRKmvPLwRV4UKSxhaBo+5wDkvc3+MFiqYYvu7sGLSohzxoDn9WEsjN3y7A6xg3aCuxHh6rlRp8xbX98r1rSg=="],

    "sisteransi": ["sisteransi@1.0.5", "", {}, "sha512-bLGGlR1QxBcynn2d5YmDX4MGjlZvy2MRBDRNHLJ8VI6l6+9FUiyTFNJ0IveOSP0bcXgVDPRcfGqA0pjaqUpfVg=="],

    "strip-json-comments": ["strip-json-comments@5.0.1", "", {}, "sha512-0fk9zBqO67Nq5M/m45qHCJxylV/DhBlIOVExqgOMiCCrzrhU6tCibRXNqE3jwJLftzE9SNuZtYbpzcO+i9FiKw=="],

    "tinyexec": ["tinyexec@1.0.1", "", {}, "sha512-5uC6DDlmeqiOwCPmK9jMSdOuZTh8bU39Ys6yidB+UTt5hfZUPGAypSgFRiEp+jbi9qH40BLDvy85jIU88wKSqw=="],

    "to-regex-range": ["to-regex-range@5.0.1", "", { "dependencies": { "is-number": "^7.0.0" } }, "sha512-65P7iz6X5yEr1cwcgvQxbbIw7Uk3gOy5dIdtZ4rDveLqhrdJP+Li/Hx6tyK0NEb+2GCyneCMJiGqrADCSNk8sQ=="],

    "toml": ["toml@3.0.0", "", {}, "sha512-y/mWCZinnvxjTKYhJ+pYxwD0mRLVvOtdS2Awbgxln6iEnt4rk0yBxeSBHkGJcPucRiG0e55mwWp+g/05rsrd6w=="],

    "ts-import-resolver": ["ts-import-resolver@0.1.17", "", { "peerDependencies": { "typescript": ">=4.5.0" }, "optionalPeers": ["typescript"] }, "sha512-OQxdu0zZ0Il6pyfvicMaXPnyp+CCag6REzmhY+Y/V+6/uzPerY6bma+FqgpVBvI+sSCzEgpQADs1coWzh/G5+g=="],

    "tslib": ["tslib@2.8.1", "", {}, "sha512-oJFu94HQb+KVduSUQL7wnpmqnfmLsOA/nAh6b6EH0wCEoK0/mPeXU6c3wKDV83MkOuHPRHtSXKKU99IBazS/2w=="],

    "typescript": ["typescript@5.8.3", "", { "bin": { "tsc": "bin/tsc", "tsserver": "bin/tsserver" } }, "sha512-p1diW6TqL9L07nNxvRMM7hMMw4c5XOo/1ibL4aAIGmSAt9slTE1Xgw5KWuof2uTOvCg9BY7ZRi+GaF+7sfgPeQ=="],

    "undici": ["undici@7.8.0", "", {}, "sha512-vFv1GA99b7eKO1HG/4RPu2Is3FBTWBrmzqzO0mz+rLxN3yXkE4mqRcb8g8fHxzX4blEysrNZLqg5RbJLqX5buA=="],

    "undici-types": ["undici-types@6.21.0", "", {}, "sha512-iwDZqg0QAGrg9Rav5H4n0M64c3mkR59cJ6wQp+7C4nI0gsmExaedaYLNO44eT4AtBBwjbTiGPMlt2Md0T9H9JQ=="],

    "uuid": ["uuid@11.1.0", "", { "bin": { "uuid": "dist/esm/bin/uuid" } }, "sha512-0/A9rDy9P7cJ+8w1c9WD9V//9Wj15Ce2MPz8Ri6032usz+NfePxx5AcN3bN+r6ZL6jEo066/yNYB3tn4pQEx+A=="],

    "valibot": ["valibot@1.0.0", "", { "peerDependencies": { "typescript": ">=5" }, "optionalPeers": ["typescript"] }, "sha512-1Hc0ihzWxBar6NGeZv7fPLY0QuxFMyxwYR2sF1Blu7Wq7EnremwY2W02tit2ij2VJT8HcSkHAQqmFfl77f73Yw=="],

    "ws": ["ws@8.18.2", "", { "peerDependencies": { "bufferutil": "^4.0.1", "utf-8-validate": ">=5.0.2" }, "optionalPeers": ["bufferutil", "utf-8-validate"] }, "sha512-DMricUmwGZUVr++AEAe2uiVM7UoO9MAVZMDu05UQOaUII0lp+zOzLLU4Xqh/JvTqklB1T4uELaaPBKyjE1r4fQ=="],

    "yaml": ["yaml@2.7.1", "", { "bin": { "yaml": "bin.mjs" } }, "sha512-10ULxpnOCQXxJvBgxsn9ptjq6uviG/htZKk9veJGhlqn3w/DxQ631zFF+nlQXLwmImeS5amR2dl2U8sg6U9jsQ=="],

    "node-gyp-build-optional-packages/detect-libc": ["detect-libc@2.0.4", "", {}, "sha512-3UDv+G9CsCKO1WKMGw9fwq/SWJYbI0c5Y7LU1AXYoDdbhE2AHQ6N6Nb34sG8Fj7T5APy8qXDCKuuIHd1BR0tVA=="],
  }
}
